
Microsoft Visual Studio Solution File, Format Version 12.00
# Visual Studio Version 17
VisualStudioVersion = 17.8.34322.80
MinimumVisualStudioVersion = 10.0.40219.1
Project("{9A19103F-16F7-4668-BE54-9A1E7A4F7556}") = "RestApiLK", "RestApiLK\RestApiLK.csproj", "{6CDE38C5-4FC3-4EBA-8CBD-D48FD78CC94E}"
EndProject
Project("{9A19103F-16F7-4668-BE54-9A1E7A4F7556}") = "UserManegemnt", "UserManegemnt\UserManegemnt.csproj", "{401A5E15-5908-45DB-83DD-52871263194B}"
EndProject
Project("{9A19103F-16F7-4668-BE54-9A1E7A4F7556}") = "RestApiLK-IntergrationTest", "RestApiLK-IntergrationTest\RestApiLK-IntergrationTest.csproj", "{5D1702D0-2560-4AB5-9FAE-46AEDAE52190}"
	ProjectSection(ProjectDependencies) = postProject
		{6CDE38C5-4FC3-4EBA-8CBD-D48FD78CC94E} = {6CDE38C5-4FC3-4EBA-8CBD-D48FD78CC94E}
	EndProjectSection
EndProject
Project("{2150E333-8FDC-42A3-9474-1A3956D46DE8}") = "Solution Items", "Solution Items", "{DA7D400A-5CFD-43B4-9ED8-E6FA8BD14955}"
	ProjectSection(SolutionItems) = preProject
		.gitignore = .gitignore
	EndProjectSection
EndProject
Global
	GlobalSection(SolutionConfigurationPlatforms) = preSolution
		Debug|Any CPU = Debug|Any CPU
		Release|Any CPU = Release|Any CPU
	EndGlobalSection
	GlobalSection(ProjectConfigurationPlatforms) = postSolution
		{6CDE38C5-4FC3-4EBA-8CBD-D48FD78CC94E}.Debug|Any CPU.ActiveCfg = Debug|Any CPU
		{6CDE38C5-4FC3-4EBA-8CBD-D48FD78CC94E}.Debug|Any CPU.Build.0 = Debug|Any CPU
		{6CDE38C5-4FC3-4EBA-8CBD-D48FD78CC94E}.Release|Any CPU.ActiveCfg = Release|Any CPU
		{6CDE38C5-4FC3-4EBA-8CBD-D48FD78CC94E}.Release|Any CPU.Build.0 = Release|Any CPU
		{401A5E15-5908-45DB-83DD-52871263194B}.Debug|Any CPU.ActiveCfg = Debug|Any CPU
		{401A5E15-5908-45DB-83DD-52871263194B}.Debug|Any CPU.Build.0 = Debug|Any CPU
		{401A5E15-5908-45DB-83DD-52871263194B}.Release|Any CPU.ActiveCfg = Release|Any CPU
		{401A5E15-5908-45DB-83DD-52871263194B}.Release|Any CPU.Build.0 = Release|Any CPU
		{5D1702D0-2560-4AB5-9FAE-46AEDAE52190}.Debug|Any CPU.ActiveCfg = Debug|Any CPU
		{5D1702D0-2560-4AB5-9FAE-46AEDAE52190}.Debug|Any CPU.Build.0 = Debug|Any CPU
		{5D1702D0-2560-4AB5-9FAE-46AEDAE52190}.Release|Any CPU.ActiveCfg = Release|Any CPU
		{5D1702D0-2560-4AB5-9FAE-46AEDAE52190}.Release|Any CPU.Build.0 = Release|Any CPU
	EndGlobalSection
	GlobalSection(SolutionProperties) = preSolution
		HideSolutionNode = FALSE
	EndGlobalSection
	GlobalSection(ExtensibilityGlobals) = postSolution
		SolutionGuid = {F6AD200D-2DF8-4D0A-9490-DAC3FD7D4761}
	EndGlobalSection
EndGlobal
